[root]
name = "slack"
version = "0.0.1"
dependencies = [
 "curl 0.0.1 (git+https://github.com/carllerche/curl-rust)",
]

[[package]]
name = "curl"
version = "0.0.1"
source = "git+https://github.com/carllerche/curl-rust#6fe45af9bf15c3ed60db61eb36bb070869769bba"
dependencies = [
 "url 0.1.0 (git+https://github.com/servo/rust-url)",
]

[[package]]
name = "encoding"
version = "0.1.0"
source = "git+https://github.com/lifthrasiir/rust-encoding#d5f3d71614542c57527b361c20c13fa5b009b605"

[[package]]
name = "url"
version = "0.1.0"
source = "git+https://github.com/servo/rust-url#9142b86a812ac5bc886f76235585557d8e002246"
dependencies = [
 "encoding 0.1.0 (git+https://github.com/lifthrasiir/rust-encoding)",
]

